// !$*UTF8*$!
{
	archiveVersion = 1;
	classes = {
	};
	objectVersion = 46;
	objects = {

/* Begin PBXBuildFile section */
		857A37F41C623D51002B1EBB /* main.m in Sources */ = {isa = PBXBuildFile; fileRef = 857A37F31C623D51002B1EBB /* main.m */; };
		857A37F71C623D51002B1EBB /* AppDelegate.m in Sources */ = {isa = PBXBuildFile; fileRef = 857A37F61C623D51002B1EBB /* AppDelegate.m */; };
		857A37FA1C623D51002B1EBB /* MainViewController.m in Sources */ = {isa = PBXBuildFile; fileRef = 857A37F91C623D51002B1EBB /* MainViewController.m */; };
		857A37FD1C623D51002B1EBB /* Main.storyboard in Resources */ = {isa = PBXBuildFile; fileRef = 857A37FB1C623D51002B1EBB /* Main.storyboard */; };
		857A37FF1C623D51002B1EBB /* Assets.xcassets in Resources */ = {isa = PBXBuildFile; fileRef = 857A37FE1C623D51002B1EBB /* Assets.xcassets */; };
		857A38021C623D52002B1EBB /* LaunchScreen.storyboard in Resources */ = {isa = PBXBuildFile; fileRef = 857A38001C623D52002B1EBB /* LaunchScreen.storyboard */; };
		857A385C1C641482002B1EBB /* DBHelper.m in Sources */ = {isa = PBXBuildFile; fileRef = 857A385B1C641482002B1EBB /* DBHelper.m */; };
		85891BC61C6665820085322C /* WoLItem.swift in Sources */ = {isa = PBXBuildFile; fileRef = 85891BC51C6665820085322C /* WoLItem.swift */; };
		85891BCF1C66C7E30085322C /* AddViewController.m in Sources */ = {isa = PBXBuildFile; fileRef = 85891BCE1C66C7E30085322C /* AddViewController.m */; };
		85891BDB1C67878B0085322C /* WoLItemView.m in Sources */ = {isa = PBXBuildFile; fileRef = 85891BDA1C67878B0085322C /* WoLItemView.m */; };
		85891BDF1C67B9280085322C /* WoLItemCustomView.xib in Resources */ = {isa = PBXBuildFile; fileRef = 85891BDE1C67B9280085322C /* WoLItemCustomView.xib */; };
		85891BED1C67DD3A0085322C /* wol.c in Sources */ = {isa = PBXBuildFile; fileRef = 85891BEB1C67DD3A0085322C /* wol.c */; };
		85FCDBF01C6832CA00A38258 /* AudioToolbox.framework in Frameworks */ = {isa = PBXBuildFile; fileRef = 85FCDBEF1C6832CA00A38258 /* AudioToolbox.framework */; };
		85FCDBF31C68359400A38258 /* LightsaberTurnOn.wav in Resources */ = {isa = PBXBuildFile; fileRef = 85FCDBF21C68359400A38258 /* LightsaberTurnOn.wav */; };
		F7A4F594FCB3CCE8196E32E5 /* libPods-AAWoL.a in Frameworks */ = {isa = PBXBuildFile; fileRef = E75272F8D506A0EE820D3AAC /* libPods-AAWoL.a */; };
/* End PBXBuildFile section */

/* Begin PBXFileReference section */
		7E61937F55BAE757F8BA972E /* Pods-AAWoL.release.xcconfig */ = {isa = PBXFileReference; includeInIndex = 1; lastKnownFileType = text.xcconfig; name = "Pods-AAWoL.release.xcconfig"; path = "Pods/Target Support Files/Pods-AAWoL/Pods-AAWoL.release.xcconfig"; sourceTree = "<group>"; };
		857A37EF1C623D51002B1EBB /* AAWoL.app */ = {isa = PBXFileReference; explicitFileType = wrapper.application; includeInIndex = 0; path = AAWoL.app; sourceTree = BUILT_PRODUCTS_DIR; };
		857A37F31C623D51002B1EBB /* main.m */ = {isa = PBXFileReference; lastKnownFileType = sourcecode.c.objc; path = main.m; sourceTree = "<group>"; };
		857A37F51C623D51002B1EBB /* AppDelegate.h */ = {isa = PBXFileReference; lastKnownFileType = sourcecode.c.h; path = AppDelegate.h; sourceTree = "<group>"; };
		857A37F61C623D51002B1EBB /* AppDelegate.m */ = {isa = PBXFileReference; lastKnownFileType = sourcecode.c.objc; path = AppDelegate.m; sourceTree = "<group>"; };
		857A37F81C623D51002B1EBB /* MainViewController.h */ = {isa = PBXFileReference; lastKnownFileType = sourcecode.c.h; path = MainViewController.h; sourceTree = "<group>"; };
		857A37F91C623D51002B1EBB /* MainViewController.m */ = {isa = PBXFileReference; lastKnownFileType = sourcecode.c.objc; path = MainViewController.m; sourceTree = "<group>"; };
		857A37FC1C623D51002B1EBB /* Base */ = {isa = PBXFileReference; lastKnownFileType = file.storyboard; name = Base; path = Base.lproj/Main.storyboard; sourceTree = "<group>"; };
		857A37FE1C623D51002B1EBB /* Assets.xcassets */ = {isa = PBXFileReference; lastKnownFileType = folder.assetcatalog; path = Assets.xcassets; sourceTree = "<group>"; };
		857A38011C623D52002B1EBB /* Base */ = {isa = PBXFileReference; lastKnownFileType = file.storyboard; name = Base; path = Base.lproj/LaunchScreen.storyboard; sourceTree = "<group>"; };
		857A38031C623D52002B1EBB /* Info.plist */ = {isa = PBXFileReference; lastKnownFileType = text.plist.xml; path = Info.plist; sourceTree = "<group>"; };
		857A385A1C641482002B1EBB /* DBHelper.h */ = {isa = PBXFileReference; fileEncoding = 4; lastKnownFileType = sourcecode.c.h; path = DBHelper.h; sourceTree = "<group>"; };
		857A385B1C641482002B1EBB /* DBHelper.m */ = {isa = PBXFileReference; fileEncoding = 4; lastKnownFileType = sourcecode.c.objc; path = DBHelper.m; sourceTree = "<group>"; };
		85891BC41C6665810085322C /* AAWoL-Bridging-Header.h */ = {isa = PBXFileReference; lastKnownFileType = sourcecode.c.h; path = "AAWoL-Bridging-Header.h"; sourceTree = "<group>"; };
		85891BC51C6665820085322C /* WoLItem.swift */ = {isa = PBXFileReference; fileEncoding = 4; lastKnownFileType = sourcecode.swift; path = WoLItem.swift; sourceTree = "<group>"; };
		85891BCD1C66C7E30085322C /* AddViewController.h */ = {isa = PBXFileReference; fileEncoding = 4; lastKnownFileType = sourcecode.c.h; path = AddViewController.h; sourceTree = "<group>"; };
		85891BCE1C66C7E30085322C /* AddViewController.m */ = {isa = PBXFileReference; fileEncoding = 4; lastKnownFileType = sourcecode.c.objc; path = AddViewController.m; sourceTree = "<group>"; };
		85891BD91C67878B0085322C /* WoLItemView.h */ = {isa = PBXFileReference; fileEncoding = 4; lastKnownFileType = sourcecode.c.h; path = WoLItemView.h; sourceTree = "<group>"; };
		85891BDA1C67878B0085322C /* WoLItemView.m */ = {isa = PBXFileReference; fileEncoding = 4; lastKnownFileType = sourcecode.c.objc; path = WoLItemView.m; sourceTree = "<group>"; };
		85891BDE1C67B9280085322C /* WoLItemCustomView.xib */ = {isa = PBXFileReference; fileEncoding = 4; lastKnownFileType = file.xib; path = WoLItemCustomView.xib; sourceTree = "<group>"; };
		85891BEB1C67DD3A0085322C /* wol.c */ = {isa = PBXFileReference; fileEncoding = 4; lastKnownFileType = sourcecode.c.c; name = wol.c; path = Plugins/wol.c; sourceTree = "<group>"; };
		85891BEC1C67DD3A0085322C /* wol.h */ = {isa = PBXFileReference; fileEncoding = 4; lastKnownFileType = sourcecode.c.h; name = wol.h; path = Plugins/wol.h; sourceTree = "<group>"; };
		85FCDBEF1C6832CA00A38258 /* AudioToolbox.framework */ = {isa = PBXFileReference; lastKnownFileType = wrapper.framework; name = AudioToolbox.framework; path = System/Library/Frameworks/AudioToolbox.framework; sourceTree = SDKROOT; };
		85FCDBF21C68359400A38258 /* LightsaberTurnOn.wav */ = {isa = PBXFileReference; lastKnownFileType = audio.wav; name = LightsaberTurnOn.wav; path = Media/LightsaberTurnOn.wav; sourceTree = "<group>"; };
		E75272F8D506A0EE820D3AAC /* libPods-AAWoL.a */ = {isa = PBXFileReference; explicitFileType = archive.ar; includeInIndex = 0; path = "libPods-AAWoL.a"; sourceTree = BUILT_PRODUCTS_DIR; };
		EEF1CFDC2D5C94E636C2BF44 /* Pods-AAWoL.debug.xcconfig */ = {isa = PBXFileReference; includeInIndex = 1; lastKnownFileType = text.xcconfig; name = "Pods-AAWoL.debug.xcconfig"; path = "Pods/Target Support Files/Pods-AAWoL/Pods-AAWoL.debug.xcconfig"; sourceTree = "<group>"; };
/* End PBXFileReference section */

/* Begin PBXFrameworksBuildPhase section */
		857A37EC1C623D51002B1EBB /* Frameworks */ = {
			isa = PBXFrameworksBuildPhase;
			buildActionMask = 2147483647;
			files = (
				85FCDBF01C6832CA00A38258 /* AudioToolbox.framework in Frameworks */,
				F7A4F594FCB3CCE8196E32E5 /* libPods-AAWoL.a in Frameworks */,
			);
			runOnlyForDeploymentPostprocessing = 0;
		};
/* End PBXFrameworksBuildPhase section */

/* Begin PBXGroup section */
		857A37E61C623D51002B1EBB = {
			isa = PBXGroup;
			children = (
				857A37F11C623D51002B1EBB /* AAWoL */,
				85FCDBF11C68354400A38258 /* Audio */,
				857A37F01C623D51002B1EBB /* Products */,
				AC8F8BF102E4198F788F57C4 /* Pods */,
				B62CFA68094E6F136227945D /* Frameworks */,
			);
			sourceTree = "<group>";
		};
		857A37F01C623D51002B1EBB /* Products */ = {
			isa = PBXGroup;
			children = (
				857A37EF1C623D51002B1EBB /* AAWoL.app */,
			);
			name = Products;
			sourceTree = "<group>";
		};
		857A37F11C623D51002B1EBB /* AAWoL */ = {
			isa = PBXGroup;
			children = (
				85891BE01C67C4190085322C /* Plugins */,
				85891BC31C6664F00085322C /* Models */,
				857A38591C641435002B1EBB /* Helpers */,
				857A38581C63E877002B1EBB /* ViewControllers */,
				857A37F51C623D51002B1EBB /* AppDelegate.h */,
				857A37F61C623D51002B1EBB /* AppDelegate.m */,
				857A37FB1C623D51002B1EBB /* Main.storyboard */,
				857A37FE1C623D51002B1EBB /* Assets.xcassets */,
				857A38001C623D52002B1EBB /* LaunchScreen.storyboard */,
				857A38031C623D52002B1EBB /* Info.plist */,
				857A37F21C623D51002B1EBB /* Supporting Files */,
			);
			path = AAWoL;
			sourceTree = "<group>";
		};
		857A37F21C623D51002B1EBB /* Supporting Files */ = {
			isa = PBXGroup;
			children = (
				857A37F31C623D51002B1EBB /* main.m */,
			);
			name = "Supporting Files";
			sourceTree = "<group>";
		};
		857A38581C63E877002B1EBB /* ViewControllers */ = {
			isa = PBXGroup;
			children = (
				85891BD81C6787600085322C /* CustomViews */,
				857A37F81C623D51002B1EBB /* MainViewController.h */,
				857A37F91C623D51002B1EBB /* MainViewController.m */,
				85891BCD1C66C7E30085322C /* AddViewController.h */,
				85891BCE1C66C7E30085322C /* AddViewController.m */,
			);
			name = ViewControllers;
			sourceTree = "<group>";
		};
		857A38591C641435002B1EBB /* Helpers */ = {
			isa = PBXGroup;
			children = (
				857A385A1C641482002B1EBB /* DBHelper.h */,
				857A385B1C641482002B1EBB /* DBHelper.m */,
			);
			name = Helpers;
			sourceTree = "<group>";
		};
		85891BC31C6664F00085322C /* Models */ = {
			isa = PBXGroup;
			children = (
				85891BC41C6665810085322C /* AAWoL-Bridging-Header.h */,
				85891BC51C6665820085322C /* WoLItem.swift */,
			);
			name = Models;
			sourceTree = "<group>";
		};
		85891BD81C6787600085322C /* CustomViews */ = {
			isa = PBXGroup;
			children = (
				85891BD91C67878B0085322C /* WoLItemView.h */,
				85891BDA1C67878B0085322C /* WoLItemView.m */,
				85891BDE1C67B9280085322C /* WoLItemCustomView.xib */,
			);
			name = CustomViews;
			sourceTree = "<group>";
		};
		85891BE01C67C4190085322C /* Plugins */ = {
			isa = PBXGroup;
			children = (
				85891BEB1C67DD3A0085322C /* wol.c */,
				85891BEC1C67DD3A0085322C /* wol.h */,
			);
			name = Plugins;
			sourceTree = "<group>";
		};
		85FCDBF11C68354400A38258 /* Audio */ = {
			isa = PBXGroup;
			children = (
				85FCDBF21C68359400A38258 /* LightsaberTurnOn.wav */,
			);
			name = Audio;
			sourceTree = "<group>";
		};
		AC8F8BF102E4198F788F57C4 /* Pods */ = {
			isa = PBXGroup;
			children = (
				EEF1CFDC2D5C94E636C2BF44 /* Pods-AAWoL.debug.xcconfig */,
				7E61937F55BAE757F8BA972E /* Pods-AAWoL.release.xcconfig */,
			);
			name = Pods;
			sourceTree = "<group>";
		};
		B62CFA68094E6F136227945D /* Frameworks */ = {
			isa = PBXGroup;
			children = (
				85FCDBEF1C6832CA00A38258 /* AudioToolbox.framework */,
				E75272F8D506A0EE820D3AAC /* libPods-AAWoL.a */,
			);
			name = Frameworks;
			sourceTree = "<group>";
		};
/* End PBXGroup section */

/* Begin PBXNativeTarget section */
		857A37EE1C623D51002B1EBB /* AAWoL */ = {
			isa = PBXNativeTarget;
			buildConfigurationList = 857A38061C623D52002B1EBB /* Build configuration list for PBXNativeTarget "AAWoL" */;
			buildPhases = (
				6036FD77973348701B9B1489 /* Check Pods Manifest.lock */,
				857A37EB1C623D51002B1EBB /* Sources */,
				857A37EC1C623D51002B1EBB /* Frameworks */,
				857A37ED1C623D51002B1EBB /* Resources */,
				3DDF62BDA6DBDB63A83568B1 /* Embed Pods Frameworks */,
				E8109BB822296CBDCD880214 /* Copy Pods Resources */,
			);
			buildRules = (
			);
			dependencies = (
			);
			name = AAWoL;
			productName = AAWoL;
			productReference = 857A37EF1C623D51002B1EBB /* AAWoL.app */;
			productType = "com.apple.product-type.application";
		};
/* End PBXNativeTarget section */

/* Begin PBXProject section */
		857A37E71C623D51002B1EBB /* Project object */ = {
			isa = PBXProject;
			attributes = {
				LastUpgradeCheck = 0720;
				ORGANIZATIONNAME = AA;
				TargetAttributes = {
					857A37EE1C623D51002B1EBB = {
						CreatedOnToolsVersion = 7.2;
					};
				};
			};
			buildConfigurationList = 857A37EA1C623D51002B1EBB /* Build configuration list for PBXProject "AAWoL" */;
			compatibilityVersion = "Xcode 3.2";
			developmentRegion = English;
			hasScannedForEncodings = 0;
			knownRegions = (
				en,
				Base,
			);
			mainGroup = 857A37E61C623D51002B1EBB;
			productRefGroup = 857A37F01C623D51002B1EBB /* Products */;
			projectDirPath = "";
			projectRoot = "";
			targets = (
				857A37EE1C623D51002B1EBB /* AAWoL */,
			);
		};
/* End PBXProject section */

/* Begin PBXResourcesBuildPhase section */
		857A37ED1C623D51002B1EBB /* Resources */ = {
			isa = PBXResourcesBuildPhase;
			buildActionMask = 2147483647;
			files = (
				85891BDF1C67B9280085322C /* WoLItemCustomView.xib in Resources */,
				85FCDBF31C68359400A38258 /* LightsaberTurnOn.wav in Resources */,
				857A38021C623D52002B1EBB /* LaunchScreen.storyboard in Resources */,
				857A37FF1C623D51002B1EBB /* Assets.xcassets in Resources */,
				857A37FD1C623D51002B1EBB /* Main.storyboard in Resources */,
			);
			runOnlyForDeploymentPostprocessing = 0;
		};
/* End PBXResourcesBuildPhase section */

/* Begin PBXShellScriptBuildPhase section */
		3DDF62BDA6DBDB63A83568B1 /* Embed Pods Frameworks */ = {
			isa = PBXShellScriptBuildPhase;
			buildActionMask = 2147483647;
			files = (
			);
			inputPaths = (
			);
			name = "Embed Pods Frameworks";
			outputPaths = (
			);
			runOnlyForDeploymentPostprocessing = 0;
			shellPath = /bin/sh;
			shellScript = "\"${SRCROOT}/Pods/Target Support Files/Pods-AAWoL/Pods-AAWoL-frameworks.sh\"\n";
			showEnvVarsInLog = 0;
		};
		6036FD77973348701B9B1489 /* Check Pods Manifest.lock */ = {
			isa = PBXShellScriptBuildPhase;
			buildActionMask = 2147483647;
			files = (
			);
			inputPaths = (
			);
			name = "Check Pods Manifest.lock";
			outputPaths = (
			);
			runOnlyForDeploymentPostprocessing = 0;
			shellPath = /bin/sh;
			shellScript = "diff \"${PODS_ROOT}/../Podfile.lock\" \"${PODS_ROOT}/Manifest.lock\" > /dev/null\nif [[ $? != 0 ]] ; then\n    cat << EOM\nerror: The sandbox is not in sync with the Podfile.lock. Run 'pod install' or update your CocoaPods installation.\nEOM\n    exit 1\nfi\n";
			showEnvVarsInLog = 0;
		};
		E8109BB822296CBDCD880214 /* Copy Pods Resources */ = {
			isa = PBXShellScriptBuildPhase;
			buildActionMask = 2147483647;
			files = (
			);
			inputPaths = (
			);
			name = "Copy Pods Resources";
			outputPaths = (
			);
			runOnlyForDeploymentPostprocessing = 0;
			shellPath = /bin/sh;
			shellScript = "\"${SRCROOT}/Pods/Target Support Files/Pods-AAWoL/Pods-AAWoL-resources.sh\"\n";
			showEnvVarsInLog = 0;
		};
/* End PBXShellScriptBuildPhase section */

/* Begin PBXSourcesBuildPhase section */
		857A37EB1C623D51002B1EBB /* Sources */ = {
			isa = PBXSourcesBuildPhase;
			buildActionMask = 2147483647;
			files = (
				85891BED1C67DD3A0085322C /* wol.c in Sources */,
				857A37FA1C623D51002B1EBB /* MainViewController.m in Sources */,
				857A37F71C623D51002B1EBB /* AppDelegate.m in Sources */,
				85891BDB1C67878B0085322C /* WoLItemView.m in Sources */,
				85891BCF1C66C7E30085322C /* AddViewController.m in Sources */,
				85891BC61C6665820085322C /* WoLItem.swift in Sources */,
				857A37F41C623D51002B1EBB /* main.m in Sources */,
				857A385C1C641482002B1EBB /* DBHelper.m in Sources */,
			);
			runOnlyForDeploymentPostprocessing = 0;
		};
/* End PBXSourcesBuildPhase section */

/* Begin PBXVariantGroup section */
		857A37FB1C623D51002B1EBB /* Main.storyboard */ = {
			isa = PBXVariantGroup;
			children = (
				857A37FC1C623D51002B1EBB /* Base */,
			);
			name = Main.storyboard;
			sourceTree = "<group>";
		};
		857A38001C623D52002B1EBB /* LaunchScreen.storyboard */ = {
			isa = PBXVariantGroup;
			children = (
				857A38011C623D52002B1EBB /* Base */,
			);
			name = LaunchScreen.storyboard;
			sourceTree = "<group>";
		};
/* End PBXVariantGroup section */

/* Begin XCBuildConfiguration section */
		857A38041C623D52002B1EBB /* Debug */ = {
			isa = XCBuildConfiguration;
			buildSettings = {
				ALWAYS_SEARCH_USER_PATHS = NO;
				CLANG_CXX_LANGUAGE_STANDARD = "gnu++0x";
				CLANG_CXX_LIBRARY = "libc++";
				CLANG_ENABLE_MODULES = YES;
				CLANG_ENABLE_OBJC_ARC = YES;
				CLANG_WARN_BOOL_CONVERSION = YES;
				CLANG_WARN_CONSTANT_CONVERSION = YES;
				CLANG_WARN_DIRECT_OBJC_ISA_USAGE = YES_ERROR;
				CLANG_WARN_EMPTY_BODY = YES;
				CLANG_WARN_ENUM_CONVERSION = YES;
				CLANG_WARN_INT_CONVERSION = YES;
				CLANG_WARN_OBJC_ROOT_CLASS = YES_ERROR;
				CLANG_WARN_UNREACHABLE_CODE = YES;
				CLANG_WARN__DUPLICATE_METHOD_MATCH = YES;
				"CODE_SIGN_IDENTITY[sdk=iphoneos*]" = "iPhone Developer";
				COPY_PHASE_STRIP = NO;
				DEBUG_INFORMATION_FORMAT = dwarf;
				ENABLE_STRICT_OBJC_MSGSEND = YES;
				ENABLE_TESTABILITY = YES;
				GCC_C_LANGUAGE_STANDARD = gnu99;
				GCC_DYNAMIC_NO_PIC = NO;
				GCC_NO_COMMON_BLOCKS = YES;
				GCC_OPTIMIZATION_LEVEL = 0;
				GCC_PREPROCESSOR_DEFINITIONS = (
					"DEBUG=1",
					"$(inherited)",
				);
				GCC_WARN_64_TO_32_BIT_CONVERSION = YES;
				GCC_WARN_ABOUT_RETURN_TYPE = YES_ERROR;
				GCC_WARN_UNDECLARED_SELECTOR = YES;
				GCC_WARN_UNINITIALIZED_AUTOS = YES_AGGRESSIVE;
				GCC_WARN_UNUSED_FUNCTION = YES;
				GCC_WARN_UNUSED_VARIABLE = YES;
				IPHONEOS_DEPLOYMENT_TARGET = 9.2;
				MTL_ENABLE_DEBUG_INFO = YES;
				ONLY_ACTIVE_ARCH = YES;
				SDKROOT = iphoneos;
				TARGETED_DEVICE_FAMILY = "1,2";
			};
			name = Debug;
		};
		857A38051C623D52002B1EBB /* Release */ = {
			isa = XCBuildConfiguration;
			buildSettings = {
				ALWAYS_SEARCH_USER_PATHS = NO;
				CLANG_CXX_LANGUAGE_STANDARD = "gnu++0x";
				CLANG_CXX_LIBRARY = "libc++";
				CLANG_ENABLE_MODULES = YES;
				CLANG_ENABLE_OBJC_ARC = YES;
				CLANG_WARN_BOOL_CONVERSION = YES;
				CLANG_WARN_CONSTANT_CONVERSION = YES;
				CLANG_WARN_DIRECT_OBJC_ISA_USAGE = YES_ERROR;
				CLANG_WARN_EMPTY_BODY = YES;
				CLANG_WARN_ENUM_CONVERSION = YES;
				CLANG_WARN_INT_CONVERSION = YES;
				CLANG_WARN_OBJC_ROOT_CLASS = YES_ERROR;
				CLANG_WARN_UNREACHABLE_CODE = YES;
				CLANG_WARN__DUPLICATE_METHOD_MATCH = YES;
				"CODE_SIGN_IDENTITY[sdk=iphoneos*]" = "iPhone Developer";
				COPY_PHASE_STRIP = NO;
				DEBUG_INFORMATION_FORMAT = "dwarf-with-dsym";
				ENABLE_NS_ASSERTIONS = NO;
				ENABLE_STRICT_OBJC_MSGSEND = YES;
				GCC_C_LANGUAGE_STANDARD = gnu99;
				GCC_NO_COMMON_BLOCKS = YES;
				GCC_WARN_64_TO_32_BIT_CONVERSION = YES;
				GCC_WARN_ABOUT_RETURN_TYPE = YES_ERROR;
				GCC_WARN_UNDECLARED_SELECTOR = YES;
				GCC_WARN_UNINITIALIZED_AUTOS = YES_AGGRESSIVE;
				GCC_WARN_UNUSED_FUNCTION = YES;
				GCC_WARN_UNUSED_VARIABLE = YES;
				IPHONEOS_DEPLOYMENT_TARGET = 9.2;
				MTL_ENABLE_DEBUG_INFO = NO;
				SDKROOT = iphoneos;
				TARGETED_DEVICE_FAMILY = "1,2";
				VALIDATE_PRODUCT = YES;
			};
			name = Release;
		};
		857A38071C623D52002B1EBB /* Debug */ = {
			isa = XCBuildConfiguration;
			baseConfigurationReference = EEF1CFDC2D5C94E636C2BF44 /* Pods-AAWoL.debug.xcconfig */;
			buildSettings = {
				ASSETCATALOG_COMPILER_APPICON_NAME = AppIcon;
				CLANG_ENABLE_MODULES = YES;
				DEFINES_MODULE = YES;
				EMBEDDED_CONTENT_CONTAINS_SWIFT = YES;
				INFOPLIST_FILE = AAWoL/Info.plist;
				LD_RUNPATH_SEARCH_PATHS = "$(inherited) @executable_path/Frameworks";
				PRODUCT_BUNDLE_IDENTIFIER = com.AA.AAWoL;
				PRODUCT_NAME = "$(TARGET_NAME)";
				SWIFT_OBJC_BRIDGING_HEADER = "AAWoL/AAWoL-Bridging-Header.h";
				SWIFT_OPTIMIZATION_LEVEL = "-Onone";
			};
			name = Debug;
		};
		857A38081C623D52002B1EBB /* Release */ = {
			isa = XCBuildConfiguration;
			baseConfigurationReference = 7E61937F55BAE757F8BA972E /* Pods-AAWoL.release.xcconfig */;
			buildSettings = {
				ASSETCATALOG_COMPILER_APPICON_NAME = AppIcon;
				CLANG_ENABLE_MODULES = YES;
				DEFINES_MODULE = YES;
				EMBEDDED_CONTENT_CONTAINS_SWIFT = YES;
				INFOPLIST_FILE = AAWoL/Info.plist;
				LD_RUNPATH_SEARCH_PATHS = "$(inherited) @executable_path/Frameworks";
				PRODUCT_BUNDLE_IDENTIFIER = com.AA.AAWoL;
				PRODUCT_NAME = "$(TARGET_NAME)";
				SWIFT_OBJC_BRIDGING_HEADER = "AAWoL/AAWoL-Bridging-Header.h";
			};
			name = Release;
		};
/* End XCBuildConfiguration section */

/* Begin XCConfigurationList section */
		857A37EA1C623D51002B1EBB /* Build configuration list for PBXProject "AAWoL" */ = {
			isa = XCConfigurationList;
			buildConfigurations = (
				857A38041C623D52002B1EBB /* Debug */,
				857A38051C623D52002B1EBB /* Release */,
			);
			defaultConfigurationIsVisible = 0;
			defaultConfigurationName = Release;
		};
		857A38061C623D52002B1EBB /* Build configuration list for PBXNativeTarget "AAWoL" */ = {
			isa = XCConfigurationList;
			buildConfigurations = (
				857A38071C623D52002B1EBB /* Debug */,
				857A38081C623D52002B1EBB /* Release */,
			);
			defaultConfigurationIsVisible = 0;
			defaultConfigurationName = Release;
		};
/* End XCConfigurationList section */
	};
	rootObject = 857A37E71C623D51002B1EBB /* Project object */;
}
